
Microsoft Visual Studio Solution File, Format Version 12.00
# Visual Studio Version 16
VisualStudioVersion = 16.0.29519.181
MinimumVisualStudioVersion = 10.0.40219.1
Project("{FAE04EC0-301F-11D3-BF4B-00C04F79EFBC}") = "movieminder.api", "movieminder.api\movieminder.api.csproj", "{099218CC-E3ED-433A-9EF7-D4B7944D0503}"
EndProject
Global
	GlobalSection(SolutionConfigurationPlatforms) = preSolution
		Debug|Any CPU = Debug|Any CPU
		Release|Any CPU = Release|Any CPU
	EndGlobalSection
	GlobalSection(ProjectConfigurationPlatforms) = postSolution
		{099218CC-E3ED-433A-9EF7-D4B7944D0503}.Debug|Any CPU.ActiveCfg = Debug|Any CPU
		{099218CC-E3ED-433A-9EF7-D4B7944D0503}.Debug|Any CPU.Build.0 = Debug|Any CPU
		{099218CC-E3ED-433A-9EF7-D4B7944D0503}.Release|Any CPU.ActiveCfg = Release|Any CPU
		{099218CC-E3ED-433A-9EF7-D4B7944D0503}.Release|Any CPU.Build.0 = Release|Any CPU
	EndGlobalSection
	GlobalSection(SolutionProperties) = preSolution
		HideSolutionNode = FALSE
	EndGlobalSection
	GlobalSection(ExtensibilityGlobals) = postSolution
		SolutionGuid = {67CB4E81-2E82-4A78-BE29-E4B448B0F62B}
	EndGlobalSection
EndGlobal
